
Microsoft Visual Studio Solution File, Format Version 12.00
# Visual Studio Version 17
VisualStudioVersion = 17.4.33213.308
MinimumVisualStudioVersion = 10.0.40219.1
Project("{FAE04EC0-301F-11D3-BF4B-00C04F79EFBC}") = "WpfSkeletonApp", "WpfSkeletonApp\WpfSkeletonApp.csproj", "{0C5EBACF-E18F-4D5A-AA18-C7D4CEF2A866}"
EndProject
Global
	GlobalSection(SolutionConfigurationPlatforms) = preSolution
		Debug|Any CPU = Debug|Any CPU
		Release|Any CPU = Release|Any CPU
	EndGlobalSection
	GlobalSection(ProjectConfigurationPlatforms) = postSolution
		{0C5EBACF-E18F-4D5A-AA18-C7D4CEF2A866}.Debug|Any CPU.ActiveCfg = Debug|Any CPU
		{0C5EBACF-E18F-4D5A-AA18-C7D4CEF2A866}.Debug|Any CPU.Build.0 = Debug|Any CPU
		{0C5EBACF-E18F-4D5A-AA18-C7D4CEF2A866}.Release|Any CPU.ActiveCfg = Release|Any CPU
		{0C5EBACF-E18F-4D5A-AA18-C7D4CEF2A866}.Release|Any CPU.Build.0 = Release|Any CPU
	EndGlobalSection
	GlobalSection(SolutionProperties) = preSolution
		HideSolutionNode = FALSE
	EndGlobalSection
	GlobalSection(ExtensibilityGlobals) = postSolution
		SolutionGuid = {A09F6141-6E93-4C68-AFB7-6ED90343FB2F}
	EndGlobalSection
EndGlobal
